// !$*UTF8*$!
{
	archiveVersion = 1;
	classes = {
	};
	objectVersion = 55;
	objects = {

/* Begin PBXBuildFile section */
		6107805028FDC6CF005B261F /* AppDelegate.swift in Sources */ = {isa = PBXBuildFile; fileRef = 6107804F28FDC6CF005B261F /* AppDelegate.swift */; };
		6107805428FDC6CF005B261F /* ViewController.swift in Sources */ = {isa = PBXBuildFile; fileRef = 6107805328FDC6CF005B261F /* ViewController.swift */; };
		6107805728FDC6CF005B261F /* Main.storyboard in Resources */ = {isa = PBXBuildFile; fileRef = 6107805528FDC6CF005B261F /* Main.storyboard */; };
		6107805928FDC6D1005B261F /* Assets.xcassets in Resources */ = {isa = PBXBuildFile; fileRef = 6107805828FDC6D1005B261F /* Assets.xcassets */; };
		6107805C28FDC6D1005B261F /* LaunchScreen.storyboard in Resources */ = {isa = PBXBuildFile; fileRef = 6107805A28FDC6D1005B261F /* LaunchScreen.storyboard */; };
		6107806428FDC89E005B261F /* DataSource.swift in Sources */ = {isa = PBXBuildFile; fileRef = 6107806328FDC89E005B261F /* DataSource.swift */; };
		6107806628FDD13B005B261F /* Graph.swift in Sources */ = {isa = PBXBuildFile; fileRef = 6107806528FDD13B005B261F /* Graph.swift */; };
		6107806828FDFBC5005B261F /* TableCell.swift in Sources */ = {isa = PBXBuildFile; fileRef = 6107806728FDFBC5005B261F /* TableCell.swift */; };
		618BEF7B28FEA90200C5C528 /* Cache.swift in Sources */ = {isa = PBXBuildFile; fileRef = 618BEF7A28FEA90200C5C528 /* Cache.swift */; };
		618BEF7E28FEE82300C5C528 /* Brandbook.swift in Sources */ = {isa = PBXBuildFile; fileRef = 618BEF7D28FEE82300C5C528 /* Brandbook.swift */; };
		618BEF8028FEF0A900C5C528 /* PaddingLabel.swift in Sources */ = {isa = PBXBuildFile; fileRef = 618BEF7F28FEF0A900C5C528 /* PaddingLabel.swift */; };
		62CF84C6FB2B0E6A6F9D8801 /* Pods_avito.framework in Frameworks */ = {isa = PBXBuildFile; fileRef = 7E584115F56C7B9990339096 /* Pods_avito.framework */; };
/* End PBXBuildFile section */

/* Begin PBXFileReference section */
		6107804C28FDC6CF005B261F /* avito.app */ = {isa = PBXFileReference; explicitFileType = wrapper.application; includeInIndex = 0; path = avito.app; sourceTree = BUILT_PRODUCTS_DIR; };
		6107804F28FDC6CF005B261F /* AppDelegate.swift */ = {isa = PBXFileReference; lastKnownFileType = sourcecode.swift; path = AppDelegate.swift; sourceTree = "<group>"; };
		6107805328FDC6CF005B261F /* ViewController.swift */ = {isa = PBXFileReference; lastKnownFileType = sourcecode.swift; path = ViewController.swift; sourceTree = "<group>"; };
		6107805628FDC6CF005B261F /* Base */ = {isa = PBXFileReference; lastKnownFileType = file.storyboard; name = Base; path = Base.lproj/Main.storyboard; sourceTree = "<group>"; };
		6107805828FDC6D1005B261F /* Assets.xcassets */ = {isa = PBXFileReference; lastKnownFileType = folder.assetcatalog; path = Assets.xcassets; sourceTree = "<group>"; };
		6107805B28FDC6D1005B261F /* Base */ = {isa = PBXFileReference; lastKnownFileType = file.storyboard; name = Base; path = Base.lproj/LaunchScreen.storyboard; sourceTree = "<group>"; };
		6107805D28FDC6D1005B261F /* Info.plist */ = {isa = PBXFileReference; lastKnownFileType = text.plist.xml; path = Info.plist; sourceTree = "<group>"; };
		6107806328FDC89E005B261F /* DataSource.swift */ = {isa = PBXFileReference; lastKnownFileType = sourcecode.swift; path = DataSource.swift; sourceTree = "<group>"; };
		6107806528FDD13B005B261F /* Graph.swift */ = {isa = PBXFileReference; lastKnownFileType = sourcecode.swift; path = Graph.swift; sourceTree = "<group>"; };
		6107806728FDFBC5005B261F /* TableCell.swift */ = {isa = PBXFileReference; lastKnownFileType = sourcecode.swift; path = TableCell.swift; sourceTree = "<group>"; };
		618BEF7A28FEA90200C5C528 /* Cache.swift */ = {isa = PBXFileReference; lastKnownFileType = sourcecode.swift; path = Cache.swift; sourceTree = "<group>"; };
		618BEF7D28FEE82300C5C528 /* Brandbook.swift */ = {isa = PBXFileReference; lastKnownFileType = sourcecode.swift; path = Brandbook.swift; sourceTree = "<group>"; };
		618BEF7F28FEF0A900C5C528 /* PaddingLabel.swift */ = {isa = PBXFileReference; lastKnownFileType = sourcecode.swift; path = PaddingLabel.swift; sourceTree = "<group>"; };
		7AAB1F29B9B6590DAAB58FC5 /* Pods-avito.release.xcconfig */ = {isa = PBXFileReference; includeInIndex = 1; lastKnownFileType = text.xcconfig; name = "Pods-avito.release.xcconfig"; path = "Target Support Files/Pods-avito/Pods-avito.release.xcconfig"; sourceTree = "<group>"; };
		7E584115F56C7B9990339096 /* Pods_avito.framework */ = {isa = PBXFileReference; explicitFileType = wrapper.framework; includeInIndex = 0; path = Pods_avito.framework; sourceTree = BUILT_PRODUCTS_DIR; };
		819CDE00239E98CB27C62153 /* Pods-avito.debug.xcconfig */ = {isa = PBXFileReference; includeInIndex = 1; lastKnownFileType = text.xcconfig; name = "Pods-avito.debug.xcconfig"; path = "Target Support Files/Pods-avito/Pods-avito.debug.xcconfig"; sourceTree = "<group>"; };
/* End PBXFileReference section */

/* Begin PBXFrameworksBuildPhase section */
		6107804928FDC6CF005B261F /* Frameworks */ = {
			isa = PBXFrameworksBuildPhase;
			buildActionMask = 2147483647;
			files = (
				62CF84C6FB2B0E6A6F9D8801 /* Pods_avito.framework in Frameworks */,
			);
			runOnlyForDeploymentPostprocessing = 0;
		};
/* End PBXFrameworksBuildPhase section */

/* Begin PBXGroup section */
		01449A271BD80EAF84DC23CA /* Frameworks */ = {
			isa = PBXGroup;
			children = (
				7E584115F56C7B9990339096 /* Pods_avito.framework */,
			);
			name = Frameworks;
			sourceTree = "<group>";
		};
		50077CEEDC67653C3351D0BD /* Pods */ = {
			isa = PBXGroup;
			children = (
				819CDE00239E98CB27C62153 /* Pods-avito.debug.xcconfig */,
				7AAB1F29B9B6590DAAB58FC5 /* Pods-avito.release.xcconfig */,
			);
			name = Pods;
			path = Pods;
			sourceTree = "<group>";
		};
		6107804328FDC6CE005B261F = {
			isa = PBXGroup;
			children = (
				6107804E28FDC6CF005B261F /* avito */,
				6107804D28FDC6CF005B261F /* Products */,
				50077CEEDC67653C3351D0BD /* Pods */,
				01449A271BD80EAF84DC23CA /* Frameworks */,
			);
			sourceTree = "<group>";
		};
		6107804D28FDC6CF005B261F /* Products */ = {
			isa = PBXGroup;
			children = (
				6107804C28FDC6CF005B261F /* avito.app */,
			);
			name = Products;
			sourceTree = "<group>";
		};
		6107804E28FDC6CF005B261F /* avito */ = {
			isa = PBXGroup;
			children = (
				6107804F28FDC6CF005B261F /* AppDelegate.swift */,
				6107806328FDC89E005B261F /* DataSource.swift */,
				6107806528FDD13B005B261F /* Graph.swift */,
				6107805328FDC6CF005B261F /* ViewController.swift */,
				6107806728FDFBC5005B261F /* TableCell.swift */,
				618BEF7F28FEF0A900C5C528 /* PaddingLabel.swift */,
				618BEF7C28FEE81500C5C528 /* Brandbook */,
				618BEF7A28FEA90200C5C528 /* Cache.swift */,
				6107805528FDC6CF005B261F /* Main.storyboard */,
				6107805828FDC6D1005B261F /* Assets.xcassets */,
				6107805A28FDC6D1005B261F /* LaunchScreen.storyboard */,
				6107805D28FDC6D1005B261F /* Info.plist */,
			);
			path = avito;
			sourceTree = "<group>";
		};
		618BEF7C28FEE81500C5C528 /* Brandbook */ = {
			isa = PBXGroup;
			children = (
				618BEF7D28FEE82300C5C528 /* Brandbook.swift */,
			);
			path = Brandbook;
			sourceTree = "<group>";
		};
/* End PBXGroup section */

/* Begin PBXNativeTarget section */
		6107804B28FDC6CF005B261F /* avito */ = {
			isa = PBXNativeTarget;
			buildConfigurationList = 6107806028FDC6D1005B261F /* Build configuration list for PBXNativeTarget "avito" */;
			buildPhases = (
				D089D4E6CE3B61968E09FFEE /* [CP] Check Pods Manifest.lock */,
				6107804828FDC6CF005B261F /* Sources */,
				6107804928FDC6CF005B261F /* Frameworks */,
				6107804A28FDC6CF005B261F /* Resources */,
				9C943D9063398789000A7B56 /* [CP] Embed Pods Frameworks */,
			);
			buildRules = (
			);
			dependencies = (
			);
			name = avito;
			productName = avito;
			productReference = 6107804C28FDC6CF005B261F /* avito.app */;
			productType = "com.apple.product-type.application";
		};
/* End PBXNativeTarget section */

/* Begin PBXProject section */
		6107804428FDC6CE005B261F /* Project object */ = {
			isa = PBXProject;
			attributes = {
				BuildIndependentTargetsInParallel = 1;
				LastSwiftUpdateCheck = 1320;
				LastUpgradeCheck = 1320;
				TargetAttributes = {
					6107804B28FDC6CF005B261F = {
						CreatedOnToolsVersion = 13.2.1;
					};
				};
			};
			buildConfigurationList = 6107804728FDC6CE005B261F /* Build configuration list for PBXProject "avito" */;
			compatibilityVersion = "Xcode 13.0";
			developmentRegion = en;
			hasScannedForEncodings = 0;
			knownRegions = (
				en,
				Base,
			);
			mainGroup = 6107804328FDC6CE005B261F;
			productRefGroup = 6107804D28FDC6CF005B261F /* Products */;
			projectDirPath = "";
			projectRoot = "";
			targets = (
				6107804B28FDC6CF005B261F /* avito */,
			);
		};
/* End PBXProject section */

/* Begin PBXResourcesBuildPhase section */
		6107804A28FDC6CF005B261F /* Resources */ = {
			isa = PBXResourcesBuildPhase;
			buildActionMask = 2147483647;
			files = (
				6107805C28FDC6D1005B261F /* LaunchScreen.storyboard in Resources */,
				6107805928FDC6D1005B261F /* Assets.xcassets in Resources */,
				6107805728FDC6CF005B261F /* Main.storyboard in Resources */,
			);
			runOnlyForDeploymentPostprocessing = 0;
		};
/* End PBXResourcesBuildPhase section */

/* Begin PBXShellScriptBuildPhase section */
		9C943D9063398789000A7B56 /* [CP] Embed Pods Frameworks */ = {
			isa = PBXShellScriptBuildPhase;
			buildActionMask = 2147483647;
			files = (
			);
			inputFileListPaths = (
				"${PODS_ROOT}/Target Support Files/Pods-avito/Pods-avito-frameworks-${CONFIGURATION}-input-files.xcfilelist",
			);
			name = "[CP] Embed Pods Frameworks";
			outputFileListPaths = (
				"${PODS_ROOT}/Target Support Files/Pods-avito/Pods-avito-frameworks-${CONFIGURATION}-output-files.xcfilelist",
			);
			runOnlyForDeploymentPostprocessing = 0;
			shellPath = /bin/sh;
			shellScript = "\"${PODS_ROOT}/Target Support Files/Pods-avito/Pods-avito-frameworks.sh\"\n";
			showEnvVarsInLog = 0;
		};
		D089D4E6CE3B61968E09FFEE /* [CP] Check Pods Manifest.lock */ = {
			isa = PBXShellScriptBuildPhase;
			buildActionMask = 2147483647;
			files = (
			);
			inputFileListPaths = (
			);
			inputPaths = (
				"${PODS_PODFILE_DIR_PATH}/Podfile.lock",
				"${PODS_ROOT}/Manifest.lock",
			);
			name = "[CP] Check Pods Manifest.lock";
			outputFileListPaths = (
			);
			outputPaths = (
				"$(DERIVED_FILE_DIR)/Pods-avito-checkManifestLockResult.txt",
			);
			runOnlyForDeploymentPostprocessing = 0;
			shellPath = /bin/sh;
			shellScript = "diff \"${PODS_PODFILE_DIR_PATH}/Podfile.lock\" \"${PODS_ROOT}/Manifest.lock\" > /dev/null\nif [ $? != 0 ] ; then\n    # print error to STDERR\n    echo \"error: The sandbox is not in sync with the Podfile.lock. Run 'pod install' or update your CocoaPods installation.\" >&2\n    exit 1\nfi\n# This output is used by Xcode 'outputs' to avoid re-running this script phase.\necho \"SUCCESS\" > \"${SCRIPT_OUTPUT_FILE_0}\"\n";
			showEnvVarsInLog = 0;
		};
/* End PBXShellScriptBuildPhase section */

/* Begin PBXSourcesBuildPhase section */
		6107804828FDC6CF005B261F /* Sources */ = {
			isa = PBXSourcesBuildPhase;
			buildActionMask = 2147483647;
			files = (
				6107806828FDFBC5005B261F /* TableCell.swift in Sources */,
				6107806628FDD13B005B261F /* Graph.swift in Sources */,
				618BEF7E28FEE82300C5C528 /* Brandbook.swift in Sources */,
				6107805428FDC6CF005B261F /* ViewController.swift in Sources */,
				618BEF8028FEF0A900C5C528 /* PaddingLabel.swift in Sources */,
				6107806428FDC89E005B261F /* DataSource.swift in Sources */,
				618BEF7B28FEA90200C5C528 /* Cache.swift in Sources */,
				6107805028FDC6CF005B261F /* AppDelegate.swift in Sources */,
			);
			runOnlyForDeploymentPostprocessing = 0;
		};
/* End PBXSourcesBuildPhase section */

/* Begin PBXVariantGroup section */
		6107805528FDC6CF005B261F /* Main.storyboard */ = {
			isa = PBXVariantGroup;
			children = (
				6107805628FDC6CF005B261F /* Base */,
			);
			name = Main.storyboard;
			sourceTree = "<group>";
		};
		6107805A28FDC6D1005B261F /* LaunchScreen.storyboard */ = {
			isa = PBXVariantGroup;
			children = (
				6107805B28FDC6D1005B261F /* Base */,
			);
			name = LaunchScreen.storyboard;
			sourceTree = "<group>";
		};
/* End PBXVariantGroup section */

/* Begin XCBuildConfiguration section */
		6107805E28FDC6D1005B261F /* Debug */ = {
			isa = XCBuildConfiguration;
			buildSettings = {
				ALWAYS_SEARCH_USER_PATHS = NO;
				CLANG_ANALYZER_NONNULL = YES;
				CLANG_ANALYZER_NUMBER_OBJECT_CONVERSION = YES_AGGRESSIVE;
				CLANG_CXX_LANGUAGE_STANDARD = "gnu++17";
				CLANG_CXX_LIBRARY = "libc++";
				CLANG_ENABLE_MODULES = YES;
				CLANG_ENABLE_OBJC_ARC = YES;
				CLANG_ENABLE_OBJC_WEAK = YES;
				CLANG_WARN_BLOCK_CAPTURE_AUTORELEASING = YES;
				CLANG_WARN_BOOL_CONVERSION = YES;
				CLANG_WARN_COMMA = YES;
				CLANG_WARN_CONSTANT_CONVERSION = YES;
				CLANG_WARN_DEPRECATED_OBJC_IMPLEMENTATIONS = YES;
				CLANG_WARN_DIRECT_OBJC_ISA_USAGE = YES_ERROR;
				CLANG_WARN_DOCUMENTATION_COMMENTS = YES;
				CLANG_WARN_EMPTY_BODY = YES;
				CLANG_WARN_ENUM_CONVERSION = YES;
				CLANG_WARN_INFINITE_RECURSION = YES;
				CLANG_WARN_INT_CONVERSION = YES;
				CLANG_WARN_NON_LITERAL_NULL_CONVERSION = YES;
				CLANG_WARN_OBJC_IMPLICIT_RETAIN_SELF = YES;
				CLANG_WARN_OBJC_LITERAL_CONVERSION = YES;
				CLANG_WARN_OBJC_ROOT_CLASS = YES_ERROR;
				CLANG_WARN_QUOTED_INCLUDE_IN_FRAMEWORK_HEADER = YES;
				CLANG_WARN_RANGE_LOOP_ANALYSIS = YES;
				CLANG_WARN_STRICT_PROTOTYPES = YES;
				CLANG_WARN_SUSPICIOUS_MOVE = YES;
				CLANG_WARN_UNGUARDED_AVAILABILITY = YES_AGGRESSIVE;
				CLANG_WARN_UNREACHABLE_CODE = YES;
				CLANG_WARN__DUPLICATE_METHOD_MATCH = YES;
				COPY_PHASE_STRIP = NO;
				DEBUG_INFORMATION_FORMAT = dwarf;
				ENABLE_STRICT_OBJC_MSGSEND = YES;
				ENABLE_TESTABILITY = YES;
				GCC_C_LANGUAGE_STANDARD = gnu11;
				GCC_DYNAMIC_NO_PIC = NO;
				GCC_NO_COMMON_BLOCKS = YES;
				GCC_OPTIMIZATION_LEVEL = 0;
				GCC_PREPROCESSOR_DEFINITIONS = (
					"DEBUG=1",
					"$(inherited)",
				);
				GCC_WARN_64_TO_32_BIT_CONVERSION = YES;
				GCC_WARN_ABOUT_RETURN_TYPE = YES_ERROR;
				GCC_WARN_UNDECLARED_SELECTOR = YES;
				GCC_WARN_UNINITIALIZED_AUTOS = YES_AGGRESSIVE;
				GCC_WARN_UNUSED_FUNCTION = YES;
				GCC_WARN_UNUSED_VARIABLE = YES;
				IPHONEOS_DEPLOYMENT_TARGET = 15.2;
				MTL_ENABLE_DEBUG_INFO = INCLUDE_SOURCE;
				MTL_FAST_MATH = YES;
				ONLY_ACTIVE_ARCH = YES;
				SDKROOT = iphoneos;
				SWIFT_ACTIVE_COMPILATION_CONDITIONS = DEBUG;
				SWIFT_OPTIMIZATION_LEVEL = "-Onone";
			};
			name = Debug;
		};
		6107805F28FDC6D1005B261F /* Release */ = {
			isa = XCBuildConfiguration;
			buildSettings = {
				ALWAYS_SEARCH_USER_PATHS = NO;
				CLANG_ANALYZER_NONNULL = YES;
				CLANG_ANALYZER_NUMBER_OBJECT_CONVERSION = YES_AGGRESSIVE;
				CLANG_CXX_LANGUAGE_STANDARD = "gnu++17";
				CLANG_CXX_LIBRARY = "libc++";
				CLANG_ENABLE_MODULES = YES;
				CLANG_ENABLE_OBJC_ARC = YES;
				CLANG_ENABLE_OBJC_WEAK = YES;
				CLANG_WARN_BLOCK_CAPTURE_AUTORELEASING = YES;
				CLANG_WARN_BOOL_CONVERSION = YES;
				CLANG_WARN_COMMA = YES;
				CLANG_WARN_CONSTANT_CONVERSION = YES;
				CLANG_WARN_DEPRECATED_OBJC_IMPLEMENTATIONS = YES;
				CLANG_WARN_DIRECT_OBJC_ISA_USAGE = YES_ERROR;
				CLANG_WARN_DOCUMENTATION_COMMENTS = YES;
				CLANG_WARN_EMPTY_BODY = YES;
				CLANG_WARN_ENUM_CONVERSION = YES;
				CLANG_WARN_INFINITE_RECURSION = YES;
				CLANG_WARN_INT_CONVERSION = YES;
				CLANG_WARN_NON_LITERAL_NULL_CONVERSION = YES;
				CLANG_WARN_OBJC_IMPLICIT_RETAIN_SELF = YES;
				CLANG_WARN_OBJC_LITERAL_CONVERSION = YES;
				CLANG_WARN_OBJC_ROOT_CLASS = YES_ERROR;
				CLANG_WARN_QUOTED_INCLUDE_IN_FRAMEWORK_HEADER = YES;
				CLANG_WARN_RANGE_LOOP_ANALYSIS = YES;
				CLANG_WARN_STRICT_PROTOTYPES = YES;
				CLANG_WARN_SUSPICIOUS_MOVE = YES;
				CLANG_WARN_UNGUARDED_AVAILABILITY = YES_AGGRESSIVE;
				CLANG_WARN_UNREACHABLE_CODE = YES;
				CLANG_WARN__DUPLICATE_METHOD_MATCH = YES;
				COPY_PHASE_STRIP = NO;
				DEBUG_INFORMATION_FORMAT = "dwarf-with-dsym";
				ENABLE_NS_ASSERTIONS = NO;
				ENABLE_STRICT_OBJC_MSGSEND = YES;
				GCC_C_LANGUAGE_STANDARD = gnu11;
				GCC_NO_COMMON_BLOCKS = YES;
				GCC_WARN_64_TO_32_BIT_CONVERSION = YES;
				GCC_WARN_ABOUT_RETURN_TYPE = YES_ERROR;
				GCC_WARN_UNDECLARED_SELECTOR = YES;
				GCC_WARN_UNINITIALIZED_AUTOS = YES_AGGRESSIVE;
				GCC_WARN_UNUSED_FUNCTION = YES;
				GCC_WARN_UNUSED_VARIABLE = YES;
				IPHONEOS_DEPLOYMENT_TARGET = 15.2;
				MTL_ENABLE_DEBUG_INFO = NO;
				MTL_FAST_MATH = YES;
				SDKROOT = iphoneos;
				SWIFT_COMPILATION_MODE = wholemodule;
				SWIFT_OPTIMIZATION_LEVEL = "-O";
				VALIDATE_PRODUCT = YES;
			};
			name = Release;
		};
		6107806128FDC6D1005B261F /* Debug */ = {
			isa = XCBuildConfiguration;
			baseConfigurationReference = 819CDE00239E98CB27C62153 /* Pods-avito.debug.xcconfig */;
			buildSettings = {
				ASSETCATALOG_COMPILER_APPICON_NAME = AppIcon;
				ASSETCATALOG_COMPILER_GLOBAL_ACCENT_COLOR_NAME = AccentColor;
				CODE_SIGN_STYLE = Automatic;
				CURRENT_PROJECT_VERSION = 1;
				DEVELOPMENT_TEAM = YN4CY38HR3;
				GENERATE_INFOPLIST_FILE = YES;
				INFOPLIST_FILE = avito/Info.plist;
				INFOPLIST_KEY_UIApplicationSupportsIndirectInputEvents = YES;
				INFOPLIST_KEY_UILaunchStoryboardName = LaunchScreen;
				INFOPLIST_KEY_UIMainStoryboardFile = Main;
				INFOPLIST_KEY_UISupportedInterfaceOrientations = UIInterfaceOrientationPortrait;
				INFOPLIST_KEY_UISupportedInterfaceOrientations_iPad = "UIInterfaceOrientationPortrait UIInterfaceOrientationPortraitUpsideDown UIInterfaceOrientationLandscapeLeft UIInterfaceOrientationLandscapeRight";
				INFOPLIST_KEY_UISupportedInterfaceOrientations_iPhone = "UIInterfaceOrientationPortrait UIInterfaceOrientationLandscapeLeft UIInterfaceOrientationLandscapeRight";
				IPHONEOS_DEPLOYMENT_TARGET = 13.0;
				LD_RUNPATH_SEARCH_PATHS = (
					"$(inherited)",
					"@executable_path/Frameworks",
				);
				MARKETING_VERSION = 1.0;
				PRODUCT_BUNDLE_IDENTIFIER = "-.avito";
				PRODUCT_NAME = "$(TARGET_NAME)";
				SWIFT_EMIT_LOC_STRINGS = YES;
				SWIFT_VERSION = 5.0;
				TARGETED_DEVICE_FAMILY = "1,2";
			};
			name = Debug;
		};
		6107806228FDC6D1005B261F /* Release */ = {
			isa = XCBuildConfiguration;
			baseConfigurationReference = 7AAB1F29B9B6590DAAB58FC5 /* Pods-avito.release.xcconfig */;
			buildSettings = {
				ASSETCATALOG_COMPILER_APPICON_NAME = AppIcon;
				ASSETCATALOG_COMPILER_GLOBAL_ACCENT_COLOR_NAME = AccentColor;
				CODE_SIGN_STYLE = Automatic;
				CURRENT_PROJECT_VERSION = 1;
				DEVELOPMENT_TEAM = YN4CY38HR3;
				GENERATE_INFOPLIST_FILE = YES;
				INFOPLIST_FILE = avito/Info.plist;
				INFOPLIST_KEY_UIApplicationSupportsIndirectInputEvents = YES;
				INFOPLIST_KEY_UILaunchStoryboardName = LaunchScreen;
				INFOPLIST_KEY_UIMainStoryboardFile = Main;
				INFOPLIST_KEY_UISupportedInterfaceOrientations = UIInterfaceOrientationPortrait;
				INFOPLIST_KEY_UISupportedInterfaceOrientations_iPad = "UIInterfaceOrientationPortrait UIInterfaceOrientationPortraitUpsideDown UIInterfaceOrientationLandscapeLeft UIInterfaceOrientationLandscapeRight";
				INFOPLIST_KEY_UISupportedInterfaceOrientations_iPhone = "UIInterfaceOrientationPortrait UIInterfaceOrientationLandscapeLeft UIInterfaceOrientationLandscapeRight";
				IPHONEOS_DEPLOYMENT_TARGET = 13.0;
				LD_RUNPATH_SEARCH_PATHS = (
					"$(inherited)",
					"@executable_path/Frameworks",
				);
				MARKETING_VERSION = 1.0;
				PRODUCT_BUNDLE_IDENTIFIER = "-.avito";
				PRODUCT_NAME = "$(TARGET_NAME)";
				SWIFT_EMIT_LOC_STRINGS = YES;
				SWIFT_VERSION = 5.0;
				TARGETED_DEVICE_FAMILY = "1,2";
			};
			name = Release;
		};
/* End XCBuildConfiguration section */

/* Begin XCConfigurationList section */
		6107804728FDC6CE005B261F /* Build configuration list for PBXProject "avito" */ = {
			isa = XCConfigurationList;
			buildConfigurations = (
				6107805E28FDC6D1005B261F /* Debug */,
				6107805F28FDC6D1005B261F /* Release */,
			);
			defaultConfigurationIsVisible = 0;
			defaultConfigurationName = Release;
		};
		6107806028FDC6D1005B261F /* Build configuration list for PBXNativeTarget "avito" */ = {
			isa = XCConfigurationList;
			buildConfigurations = (
				6107806128FDC6D1005B261F /* Debug */,
				6107806228FDC6D1005B261F /* Release */,
			);
			defaultConfigurationIsVisible = 0;
			defaultConfigurationName = Release;
		};
/* End XCConfigurationList section */
	};
	rootObject = 6107804428FDC6CE005B261F /* Project object */;
}
